
Microsoft Visual Studio Solution File, Format Version 12.00
# Visual Studio Version 17
VisualStudioVersion = 17.8.34511.84
MinimumVisualStudioVersion = 10.0.40219.1
Project("{FAE04EC0-301F-11D3-BF4B-00C04F79EFBC}") = "WebApplication6", "WebApplication6\WebApplication6.csproj", "{92B9F2EE-2D1E-404A-AC65-53E0032F28E7}"
EndProject
Global
	GlobalSection(SolutionConfigurationPlatforms) = preSolution
		Debug|Any CPU = Debug|Any CPU
		Release|Any CPU = Release|Any CPU
	EndGlobalSection
	GlobalSection(ProjectConfigurationPlatforms) = postSolution
		{92B9F2EE-2D1E-404A-AC65-53E0032F28E7}.Debug|Any CPU.ActiveCfg = Debug|Any CPU
		{92B9F2EE-2D1E-404A-AC65-53E0032F28E7}.Debug|Any CPU.Build.0 = Debug|Any CPU
		{92B9F2EE-2D1E-404A-AC65-53E0032F28E7}.Release|Any CPU.ActiveCfg = Release|Any CPU
		{92B9F2EE-2D1E-404A-AC65-53E0032F28E7}.Release|Any CPU.Build.0 = Release|Any CPU
	EndGlobalSection
	GlobalSection(SolutionProperties) = preSolution
		HideSolutionNode = FALSE
	EndGlobalSection
	GlobalSection(ExtensibilityGlobals) = postSolution
		SolutionGuid = {431B526A-84BD-409E-B024-6ABD99AE2BD8}
	EndGlobalSection
EndGlobal
